
Microsoft Visual Studio Solution File, Format Version 12.00
# Visual Studio 15
VisualStudioVersion = 15.0.27130.2003
MinimumVisualStudioVersion = 10.0.40219.1
Project("{FAE04EC0-301F-11D3-BF4B-00C04F79EFBC}") = "ContactsAppUI", "ContactsAppUI\ContactsAppUI.csproj", "{92CCD546-D8CC-4C3F-A16D-FA1C06306AC1}"
EndProject
Global
	GlobalSection(SolutionConfigurationPlatforms) = preSolution
		Debug|Any CPU = Debug|Any CPU
		Release|Any CPU = Release|Any CPU
	EndGlobalSection
	GlobalSection(ProjectConfigurationPlatforms) = postSolution
		{92CCD546-D8CC-4C3F-A16D-FA1C06306AC1}.Debug|Any CPU.ActiveCfg = Debug|Any CPU
		{92CCD546-D8CC-4C3F-A16D-FA1C06306AC1}.Debug|Any CPU.Build.0 = Debug|Any CPU
		{92CCD546-D8CC-4C3F-A16D-FA1C06306AC1}.Release|Any CPU.ActiveCfg = Release|Any CPU
		{92CCD546-D8CC-4C3F-A16D-FA1C06306AC1}.Release|Any CPU.Build.0 = Release|Any CPU
	EndGlobalSection
	GlobalSection(SolutionProperties) = preSolution
		HideSolutionNode = FALSE
	EndGlobalSection
	GlobalSection(ExtensibilityGlobals) = postSolution
		SolutionGuid = {E1F0B963-795F-4A47-ACEF-67294579252C}
	EndGlobalSection
EndGlobal
