
Microsoft Visual Studio Solution File, Format Version 12.00
# Visual Studio 15
VisualStudioVersion = 15.0.27130.2003
MinimumVisualStudioVersion = 10.0.40219.1
Project("{FAE04EC0-301F-11D3-BF4B-00C04F79EFBC}") = "ContactsAppUI", "ContactsAppUI\ContactsAppUI.csproj", "{92CCD546-D8CC-4C3F-A16D-FA1C06306AC1}"
EndProject
Project("{FAE04EC0-301F-11D3-BF4B-00C04F79EFBC}") = "ContactsApp", "ContactsApp\ContactsApp.csproj", "{C4EF08AE-F406-4ECA-8D5B-2B8F2FB0464E}"
EndProject
Project("{FAE04EC0-301F-11D3-BF4B-00C04F79EFBC}") = "ContactsApp.UnitTests", "ContactsApp.UnitTests\ContactsApp.UnitTests.csproj", "{E2AB176E-8F40-46CD-9156-F65D49D07669}"
EndProject
Global
	GlobalSection(SolutionConfigurationPlatforms) = preSolution
		Debug|Any CPU = Debug|Any CPU
		Release|Any CPU = Release|Any CPU
	EndGlobalSection
	GlobalSection(ProjectConfigurationPlatforms) = postSolution
		{92CCD546-D8CC-4C3F-A16D-FA1C06306AC1}.Debug|Any CPU.ActiveCfg = Debug|Any CPU
		{92CCD546-D8CC-4C3F-A16D-FA1C06306AC1}.Debug|Any CPU.Build.0 = Debug|Any CPU
		{92CCD546-D8CC-4C3F-A16D-FA1C06306AC1}.Release|Any CPU.ActiveCfg = Release|Any CPU
		{92CCD546-D8CC-4C3F-A16D-FA1C06306AC1}.Release|Any CPU.Build.0 = Release|Any CPU
		{C4EF08AE-F406-4ECA-8D5B-2B8F2FB0464E}.Debug|Any CPU.ActiveCfg = Debug|Any CPU
		{C4EF08AE-F406-4ECA-8D5B-2B8F2FB0464E}.Debug|Any CPU.Build.0 = Debug|Any CPU
		{C4EF08AE-F406-4ECA-8D5B-2B8F2FB0464E}.Release|Any CPU.ActiveCfg = Release|Any CPU
		{C4EF08AE-F406-4ECA-8D5B-2B8F2FB0464E}.Release|Any CPU.Build.0 = Release|Any CPU
		{E2AB176E-8F40-46CD-9156-F65D49D07669}.Debug|Any CPU.ActiveCfg = Debug|Any CPU
		{E2AB176E-8F40-46CD-9156-F65D49D07669}.Debug|Any CPU.Build.0 = Debug|Any CPU
		{E2AB176E-8F40-46CD-9156-F65D49D07669}.Release|Any CPU.ActiveCfg = Release|Any CPU
		{E2AB176E-8F40-46CD-9156-F65D49D07669}.Release|Any CPU.Build.0 = Release|Any CPU
	EndGlobalSection
	GlobalSection(SolutionProperties) = preSolution
		HideSolutionNode = FALSE
	EndGlobalSection
	GlobalSection(ExtensibilityGlobals) = postSolution
		SolutionGuid = {E1F0B963-795F-4A47-ACEF-67294579252C}
	EndGlobalSection
EndGlobal
